
Microsoft Visual Studio Solution File, Format Version 12.00
# Visual Studio Version 17
Project("{2150E333-8FDC-42A3-9474-1A3956D46DE8}") = "CMakePredefinedTargets", "CMakePredefinedTargets", "{457EE6B0-E2D4-3AFD-9F16-0C6EC7217FB4}"
EndProject
Project("{8BC9CEB8-8B4A-11D0-8D11-00A0C91BC942}") = "ALL_BUILD", "ALL_BUILD.vcxproj", "{0B48CA4E-36E2-3F0F-AE18-B534BEA65384}"
	ProjectSection(ProjectDependencies) = postProject
		{26FD32C9-FDE6-3E8C-A01D-8AAB1ABBEC0B} = {26FD32C9-FDE6-3E8C-A01D-8AAB1ABBEC0B}
	EndProjectSection
EndProject
Project("{8BC9CEB8-8B4A-11D0-8D11-00A0C91BC942}") = "INSTALL", "INSTALL.vcxproj", "{C61F3897-4CD6-303D-89A3-43FBCA513CFC}"
	ProjectSection(ProjectDependencies) = postProject
		{0B48CA4E-36E2-3F0F-AE18-B534BEA65384} = {0B48CA4E-36E2-3F0F-AE18-B534BEA65384}
		{26FD32C9-FDE6-3E8C-A01D-8AAB1ABBEC0B} = {26FD32C9-FDE6-3E8C-A01D-8AAB1ABBEC0B}
	EndProjectSection
EndProject
Project("{8BC9CEB8-8B4A-11D0-8D11-00A0C91BC942}") = "ZERO_CHECK", "..\..\\ZERO_CHECK.vcxproj", "{26FD32C9-FDE6-3E8C-A01D-8AAB1ABBEC0B}"
	ProjectSection(ProjectDependencies) = postProject
	EndProjectSection
EndProject
Global
	GlobalSection(SolutionConfigurationPlatforms) = preSolution
		Debug|x64 = Debug|x64
		Release|x64 = Release|x64
		MinSizeRel|x64 = MinSizeRel|x64
		RelWithDebInfo|x64 = RelWithDebInfo|x64
	EndGlobalSection
	GlobalSection(ProjectConfigurationPlatforms) = postSolution
		{0B48CA4E-36E2-3F0F-AE18-B534BEA65384}.Debug|x64.ActiveCfg = Debug|x64
		{0B48CA4E-36E2-3F0F-AE18-B534BEA65384}.Debug|x64.Build.0 = Debug|x64
		{0B48CA4E-36E2-3F0F-AE18-B534BEA65384}.Release|x64.ActiveCfg = Release|x64
		{0B48CA4E-36E2-3F0F-AE18-B534BEA65384}.Release|x64.Build.0 = Release|x64
		{0B48CA4E-36E2-3F0F-AE18-B534BEA65384}.MinSizeRel|x64.ActiveCfg = MinSizeRel|x64
		{0B48CA4E-36E2-3F0F-AE18-B534BEA65384}.MinSizeRel|x64.Build.0 = MinSizeRel|x64
		{0B48CA4E-36E2-3F0F-AE18-B534BEA65384}.RelWithDebInfo|x64.ActiveCfg = RelWithDebInfo|x64
		{0B48CA4E-36E2-3F0F-AE18-B534BEA65384}.RelWithDebInfo|x64.Build.0 = RelWithDebInfo|x64
		{C61F3897-4CD6-303D-89A3-43FBCA513CFC}.Debug|x64.ActiveCfg = Debug|x64
		{C61F3897-4CD6-303D-89A3-43FBCA513CFC}.Release|x64.ActiveCfg = Release|x64
		{C61F3897-4CD6-303D-89A3-43FBCA513CFC}.MinSizeRel|x64.ActiveCfg = MinSizeRel|x64
		{C61F3897-4CD6-303D-89A3-43FBCA513CFC}.RelWithDebInfo|x64.ActiveCfg = RelWithDebInfo|x64
		{26FD32C9-FDE6-3E8C-A01D-8AAB1ABBEC0B}.Debug|x64.ActiveCfg = Debug|x64
		{26FD32C9-FDE6-3E8C-A01D-8AAB1ABBEC0B}.Debug|x64.Build.0 = Debug|x64
		{26FD32C9-FDE6-3E8C-A01D-8AAB1ABBEC0B}.Release|x64.ActiveCfg = Release|x64
		{26FD32C9-FDE6-3E8C-A01D-8AAB1ABBEC0B}.Release|x64.Build.0 = Release|x64
		{26FD32C9-FDE6-3E8C-A01D-8AAB1ABBEC0B}.MinSizeRel|x64.ActiveCfg = MinSizeRel|x64
		{26FD32C9-FDE6-3E8C-A01D-8AAB1ABBEC0B}.MinSizeRel|x64.Build.0 = MinSizeRel|x64
		{26FD32C9-FDE6-3E8C-A01D-8AAB1ABBEC0B}.RelWithDebInfo|x64.ActiveCfg = RelWithDebInfo|x64
		{26FD32C9-FDE6-3E8C-A01D-8AAB1ABBEC0B}.RelWithDebInfo|x64.Build.0 = RelWithDebInfo|x64
	EndGlobalSection
	GlobalSection(NestedProjects) = preSolution
		{0B48CA4E-36E2-3F0F-AE18-B534BEA65384} = {457EE6B0-E2D4-3AFD-9F16-0C6EC7217FB4}
		{C61F3897-4CD6-303D-89A3-43FBCA513CFC} = {457EE6B0-E2D4-3AFD-9F16-0C6EC7217FB4}
		{26FD32C9-FDE6-3E8C-A01D-8AAB1ABBEC0B} = {457EE6B0-E2D4-3AFD-9F16-0C6EC7217FB4}
	EndGlobalSection
	GlobalSection(ExtensibilityGlobals) = postSolution
		SolutionGuid = {6D3AF94E-F788-39E0-A32E-B21A77FE62BB}
	EndGlobalSection
	GlobalSection(ExtensibilityAddIns) = postSolution
	EndGlobalSection
EndGlobal
