
Microsoft Visual Studio Solution File, Format Version 12.00
# Visual Studio Version 17
VisualStudioVersion = 17.3.32929.385
MinimumVisualStudioVersion = 10.0.40219.1
Project("{2150E333-8FDC-42A3-9474-1A3956D46DE8}") = "CMakePredefinedTargets", "CMakePredefinedTargets", "{457EE6B0-E2D4-3AFD-9F16-0C6EC7217FB4}"
EndProject
Project("{8BC9CEB8-8B4A-11D0-8D11-00A0C91BC942}") = "ALL_BUILD", "ALL_BUILD.vcxproj", "{0B48CA4E-36E2-3F0F-AE18-B534BEA65384}"
	ProjectSection(ProjectDependencies) = postProject
		{26FD32C9-FDE6-3E8C-A01D-8AAB1ABBEC0B} = {26FD32C9-FDE6-3E8C-A01D-8AAB1ABBEC0B}
		{9C81B818-3A6E-3741-9191-CD0DD098B526} = {9C81B818-3A6E-3741-9191-CD0DD098B526}
		{46A2E0CF-BE3F-309E-9336-A802F2100F25} = {46A2E0CF-BE3F-309E-9336-A802F2100F25}
		{92244D1B-8344-3935-A2FA-1D8B026D35B9} = {92244D1B-8344-3935-A2FA-1D8B026D35B9}
		{D3E04EBF-D3CB-3F55-B212-ADF69BC5CB49} = {D3E04EBF-D3CB-3F55-B212-ADF69BC5CB49}
		{E39C8422-45BD-366A-A4F7-1BF6B5772C89} = {E39C8422-45BD-366A-A4F7-1BF6B5772C89}
		{E47D8EB1-E31E-3D91-AEFF-FCE9713D4FE7} = {E47D8EB1-E31E-3D91-AEFF-FCE9713D4FE7}
		{DA726B13-1883-36CF-8331-712880CB2CD4} = {DA726B13-1883-36CF-8331-712880CB2CD4}
		{866712D1-7088-3C9F-85D0-BA6F0A092DA3} = {866712D1-7088-3C9F-85D0-BA6F0A092DA3}
		{588625B9-8723-3F86-8B18-44FE0E4E382C} = {588625B9-8723-3F86-8B18-44FE0E4E382C}
		{429A0246-704B-30E7-812E-A8013ADC7233} = {429A0246-704B-30E7-812E-A8013ADC7233}
		{93C4DE97-A31F-3AA6-94DB-2586B23A08F0} = {93C4DE97-A31F-3AA6-94DB-2586B23A08F0}
		{9F24D1A8-9317-37FC-8E7F-F809CF81E052} = {9F24D1A8-9317-37FC-8E7F-F809CF81E052}
		{8E032533-4F97-354E-944B-2EFD3734EDAB} = {8E032533-4F97-354E-944B-2EFD3734EDAB}
		{320A98D5-BC66-30C0-99AF-8A8105DCD2D9} = {320A98D5-BC66-30C0-99AF-8A8105DCD2D9}
		{129A7550-2318-3DF2-A8DC-5C5C30EEE2FF} = {129A7550-2318-3DF2-A8DC-5C5C30EEE2FF}
		{3BFB7325-469B-3D06-8279-2EC947C4B5F5} = {3BFB7325-469B-3D06-8279-2EC947C4B5F5}
		{D543181F-6190-366A-B1C3-477762EB7331} = {D543181F-6190-366A-B1C3-477762EB7331}
		{D693651A-001E-3FC5-A063-9CFBF86EA80A} = {D693651A-001E-3FC5-A063-9CFBF86EA80A}
		{1055971C-9613-3AB5-A531-F01208717B23} = {1055971C-9613-3AB5-A531-F01208717B23}
		{9A7C8922-FB29-3295-9451-A22C992CF5E2} = {9A7C8922-FB29-3295-9451-A22C992CF5E2}
		{FE61F1C7-371A-3E9C-8679-E37BDC3FA50E} = {FE61F1C7-371A-3E9C-8679-E37BDC3FA50E}
		{EFF37FFD-6931-3FE7-9725-9A036FE8CA1F} = {EFF37FFD-6931-3FE7-9725-9A036FE8CA1F}
		{BDE94D29-43A7-3D7D-A33E-BDD984B8599F} = {BDE94D29-43A7-3D7D-A33E-BDD984B8599F}
		{5DD9F06F-87CF-3F0D-8698-0FE0837782D7} = {5DD9F06F-87CF-3F0D-8698-0FE0837782D7}
		{94D5DE8B-1528-3D76-B8B3-6AB6F82B2580} = {94D5DE8B-1528-3D76-B8B3-6AB6F82B2580}
		{7025D757-EC7F-3165-A35D-90A4197BC2D0} = {7025D757-EC7F-3165-A35D-90A4197BC2D0}
		{717FB245-D82E-307B-8F79-CC02FEE31560} = {717FB245-D82E-307B-8F79-CC02FEE31560}
		{1E16BF71-9EE0-381E-8859-3AB95C8316D0} = {1E16BF71-9EE0-381E-8859-3AB95C8316D0}
		{234CAE97-973A-391D-921A-1A54A377FA5C} = {234CAE97-973A-391D-921A-1A54A377FA5C}
		{E6450EF1-2E34-3030-91E0-A0B1D4644DBB} = {E6450EF1-2E34-3030-91E0-A0B1D4644DBB}
		{30B672D5-2639-3B96-9D2B-2AAD6647E99F} = {30B672D5-2639-3B96-9D2B-2AAD6647E99F}
		{06BA642E-28C5-357C-92A9-5AB15C2CC790} = {06BA642E-28C5-357C-92A9-5AB15C2CC790}
		{A3CA3649-698B-3670-9E6E-A7DCA8B58EE0} = {A3CA3649-698B-3670-9E6E-A7DCA8B58EE0}
	EndProjectSection
EndProject
Project("{8BC9CEB8-8B4A-11D0-8D11-00A0C91BC942}") = "INSTALL", "INSTALL.vcxproj", "{C61F3897-4CD6-303D-89A3-43FBCA513CFC}"
	ProjectSection(ProjectDependencies) = postProject
		{0B48CA4E-36E2-3F0F-AE18-B534BEA65384} = {0B48CA4E-36E2-3F0F-AE18-B534BEA65384}
		{26FD32C9-FDE6-3E8C-A01D-8AAB1ABBEC0B} = {26FD32C9-FDE6-3E8C-A01D-8AAB1ABBEC0B}
	EndProjectSection
EndProject
Project("{8BC9CEB8-8B4A-11D0-8D11-00A0C91BC942}") = "ZERO_CHECK", "ZERO_CHECK.vcxproj", "{26FD32C9-FDE6-3E8C-A01D-8AAB1ABBEC0B}"
EndProject
Project("{8BC9CEB8-8B4A-11D0-8D11-00A0C91BC942}") = "boost_atomic", "libs\atomic\boost_atomic.vcxproj", "{9C81B818-3A6E-3741-9191-CD0DD098B526}"
	ProjectSection(ProjectDependencies) = postProject
		{26FD32C9-FDE6-3E8C-A01D-8AAB1ABBEC0B} = {26FD32C9-FDE6-3E8C-A01D-8AAB1ABBEC0B}
	EndProjectSection
EndProject
Project("{8BC9CEB8-8B4A-11D0-8D11-00A0C91BC942}") = "boost_chrono", "libs\chrono\boost_chrono.vcxproj", "{46A2E0CF-BE3F-309E-9336-A802F2100F25}"
	ProjectSection(ProjectDependencies) = postProject
		{26FD32C9-FDE6-3E8C-A01D-8AAB1ABBEC0B} = {26FD32C9-FDE6-3E8C-A01D-8AAB1ABBEC0B}
	EndProjectSection
EndProject
Project("{8BC9CEB8-8B4A-11D0-8D11-00A0C91BC942}") = "boost_container", "libs\container\boost_container.vcxproj", "{92244D1B-8344-3935-A2FA-1D8B026D35B9}"
	ProjectSection(ProjectDependencies) = postProject
		{26FD32C9-FDE6-3E8C-A01D-8AAB1ABBEC0B} = {26FD32C9-FDE6-3E8C-A01D-8AAB1ABBEC0B}
	EndProjectSection
EndProject
Project("{8BC9CEB8-8B4A-11D0-8D11-00A0C91BC942}") = "boost_context", "libs\context\boost_context.vcxproj", "{D3E04EBF-D3CB-3F55-B212-ADF69BC5CB49}"
	ProjectSection(ProjectDependencies) = postProject
		{26FD32C9-FDE6-3E8C-A01D-8AAB1ABBEC0B} = {26FD32C9-FDE6-3E8C-A01D-8AAB1ABBEC0B}
	EndProjectSection
EndProject
Project("{8BC9CEB8-8B4A-11D0-8D11-00A0C91BC942}") = "boost_contract", "libs\contract\boost_contract.vcxproj", "{E39C8422-45BD-366A-A4F7-1BF6B5772C89}"
	ProjectSection(ProjectDependencies) = postProject
		{26FD32C9-FDE6-3E8C-A01D-8AAB1ABBEC0B} = {26FD32C9-FDE6-3E8C-A01D-8AAB1ABBEC0B}
		{9C81B818-3A6E-3741-9191-CD0DD098B526} = {9C81B818-3A6E-3741-9191-CD0DD098B526}
		{46A2E0CF-BE3F-309E-9336-A802F2100F25} = {46A2E0CF-BE3F-309E-9336-A802F2100F25}
		{92244D1B-8344-3935-A2FA-1D8B026D35B9} = {92244D1B-8344-3935-A2FA-1D8B026D35B9}
		{DA726B13-1883-36CF-8331-712880CB2CD4} = {DA726B13-1883-36CF-8331-712880CB2CD4}
		{866712D1-7088-3C9F-85D0-BA6F0A092DA3} = {866712D1-7088-3C9F-85D0-BA6F0A092DA3}
		{1E16BF71-9EE0-381E-8859-3AB95C8316D0} = {1E16BF71-9EE0-381E-8859-3AB95C8316D0}
	EndProjectSection
EndProject
Project("{8BC9CEB8-8B4A-11D0-8D11-00A0C91BC942}") = "boost_coroutine", "libs\coroutine\boost_coroutine.vcxproj", "{E47D8EB1-E31E-3D91-AEFF-FCE9713D4FE7}"
	ProjectSection(ProjectDependencies) = postProject
		{26FD32C9-FDE6-3E8C-A01D-8AAB1ABBEC0B} = {26FD32C9-FDE6-3E8C-A01D-8AAB1ABBEC0B}
		{D3E04EBF-D3CB-3F55-B212-ADF69BC5CB49} = {D3E04EBF-D3CB-3F55-B212-ADF69BC5CB49}
		{866712D1-7088-3C9F-85D0-BA6F0A092DA3} = {866712D1-7088-3C9F-85D0-BA6F0A092DA3}
	EndProjectSection
EndProject
Project("{8BC9CEB8-8B4A-11D0-8D11-00A0C91BC942}") = "boost_date_time", "libs\date_time\boost_date_time.vcxproj", "{DA726B13-1883-36CF-8331-712880CB2CD4}"
	ProjectSection(ProjectDependencies) = postProject
		{26FD32C9-FDE6-3E8C-A01D-8AAB1ABBEC0B} = {26FD32C9-FDE6-3E8C-A01D-8AAB1ABBEC0B}
		{92244D1B-8344-3935-A2FA-1D8B026D35B9} = {92244D1B-8344-3935-A2FA-1D8B026D35B9}
		{866712D1-7088-3C9F-85D0-BA6F0A092DA3} = {866712D1-7088-3C9F-85D0-BA6F0A092DA3}
	EndProjectSection
EndProject
Project("{8BC9CEB8-8B4A-11D0-8D11-00A0C91BC942}") = "boost_exception", "libs\exception\boost_exception.vcxproj", "{866712D1-7088-3C9F-85D0-BA6F0A092DA3}"
	ProjectSection(ProjectDependencies) = postProject
		{26FD32C9-FDE6-3E8C-A01D-8AAB1ABBEC0B} = {26FD32C9-FDE6-3E8C-A01D-8AAB1ABBEC0B}
	EndProjectSection
EndProject
Project("{8BC9CEB8-8B4A-11D0-8D11-00A0C91BC942}") = "boost_fiber", "libs\fiber\boost_fiber.vcxproj", "{588625B9-8723-3F86-8B18-44FE0E4E382C}"
	ProjectSection(ProjectDependencies) = postProject
		{26FD32C9-FDE6-3E8C-A01D-8AAB1ABBEC0B} = {26FD32C9-FDE6-3E8C-A01D-8AAB1ABBEC0B}
		{D3E04EBF-D3CB-3F55-B212-ADF69BC5CB49} = {D3E04EBF-D3CB-3F55-B212-ADF69BC5CB49}
	EndProjectSection
EndProject
Project("{8BC9CEB8-8B4A-11D0-8D11-00A0C91BC942}") = "boost_fiber_numa", "libs\fiber\boost_fiber_numa.vcxproj", "{429A0246-704B-30E7-812E-A8013ADC7233}"
	ProjectSection(ProjectDependencies) = postProject
		{26FD32C9-FDE6-3E8C-A01D-8AAB1ABBEC0B} = {26FD32C9-FDE6-3E8C-A01D-8AAB1ABBEC0B}
		{9C81B818-3A6E-3741-9191-CD0DD098B526} = {9C81B818-3A6E-3741-9191-CD0DD098B526}
		{D3E04EBF-D3CB-3F55-B212-ADF69BC5CB49} = {D3E04EBF-D3CB-3F55-B212-ADF69BC5CB49}
		{866712D1-7088-3C9F-85D0-BA6F0A092DA3} = {866712D1-7088-3C9F-85D0-BA6F0A092DA3}
		{588625B9-8723-3F86-8B18-44FE0E4E382C} = {588625B9-8723-3F86-8B18-44FE0E4E382C}
		{93C4DE97-A31F-3AA6-94DB-2586B23A08F0} = {93C4DE97-A31F-3AA6-94DB-2586B23A08F0}
	EndProjectSection
EndProject
Project("{8BC9CEB8-8B4A-11D0-8D11-00A0C91BC942}") = "boost_filesystem", "libs\filesystem\boost_filesystem.vcxproj", "{93C4DE97-A31F-3AA6-94DB-2586B23A08F0}"
	ProjectSection(ProjectDependencies) = postProject
		{26FD32C9-FDE6-3E8C-A01D-8AAB1ABBEC0B} = {26FD32C9-FDE6-3E8C-A01D-8AAB1ABBEC0B}
		{9C81B818-3A6E-3741-9191-CD0DD098B526} = {9C81B818-3A6E-3741-9191-CD0DD098B526}
	EndProjectSection
EndProject
Project("{8BC9CEB8-8B4A-11D0-8D11-00A0C91BC942}") = "boost_graph", "libs\graph\boost_graph.vcxproj", "{9F24D1A8-9317-37FC-8E7F-F809CF81E052}"
	ProjectSection(ProjectDependencies) = postProject
		{26FD32C9-FDE6-3E8C-A01D-8AAB1ABBEC0B} = {26FD32C9-FDE6-3E8C-A01D-8AAB1ABBEC0B}
		{9C81B818-3A6E-3741-9191-CD0DD098B526} = {9C81B818-3A6E-3741-9191-CD0DD098B526}
		{46A2E0CF-BE3F-309E-9336-A802F2100F25} = {46A2E0CF-BE3F-309E-9336-A802F2100F25}
		{92244D1B-8344-3935-A2FA-1D8B026D35B9} = {92244D1B-8344-3935-A2FA-1D8B026D35B9}
		{DA726B13-1883-36CF-8331-712880CB2CD4} = {DA726B13-1883-36CF-8331-712880CB2CD4}
		{866712D1-7088-3C9F-85D0-BA6F0A092DA3} = {866712D1-7088-3C9F-85D0-BA6F0A092DA3}
		{FE61F1C7-371A-3E9C-8679-E37BDC3FA50E} = {FE61F1C7-371A-3E9C-8679-E37BDC3FA50E}
		{EFF37FFD-6931-3FE7-9725-9A036FE8CA1F} = {EFF37FFD-6931-3FE7-9725-9A036FE8CA1F}
		{1E16BF71-9EE0-381E-8859-3AB95C8316D0} = {1E16BF71-9EE0-381E-8859-3AB95C8316D0}
	EndProjectSection
EndProject
Project("{8BC9CEB8-8B4A-11D0-8D11-00A0C91BC942}") = "boost_iostreams", "libs\iostreams\boost_iostreams.vcxproj", "{8E032533-4F97-354E-944B-2EFD3734EDAB}"
	ProjectSection(ProjectDependencies) = postProject
		{26FD32C9-FDE6-3E8C-A01D-8AAB1ABBEC0B} = {26FD32C9-FDE6-3E8C-A01D-8AAB1ABBEC0B}
		{FE61F1C7-371A-3E9C-8679-E37BDC3FA50E} = {FE61F1C7-371A-3E9C-8679-E37BDC3FA50E}
	EndProjectSection
EndProject
Project("{8BC9CEB8-8B4A-11D0-8D11-00A0C91BC942}") = "boost_json", "libs\json\boost_json.vcxproj", "{320A98D5-BC66-30C0-99AF-8A8105DCD2D9}"
	ProjectSection(ProjectDependencies) = postProject
		{26FD32C9-FDE6-3E8C-A01D-8AAB1ABBEC0B} = {26FD32C9-FDE6-3E8C-A01D-8AAB1ABBEC0B}
		{92244D1B-8344-3935-A2FA-1D8B026D35B9} = {92244D1B-8344-3935-A2FA-1D8B026D35B9}
	EndProjectSection
EndProject
Project("{8BC9CEB8-8B4A-11D0-8D11-00A0C91BC942}") = "boost_locale", "libs\locale\boost_locale.vcxproj", "{129A7550-2318-3DF2-A8DC-5C5C30EEE2FF}"
	ProjectSection(ProjectDependencies) = postProject
		{26FD32C9-FDE6-3E8C-A01D-8AAB1ABBEC0B} = {26FD32C9-FDE6-3E8C-A01D-8AAB1ABBEC0B}
		{9C81B818-3A6E-3741-9191-CD0DD098B526} = {9C81B818-3A6E-3741-9191-CD0DD098B526}
		{46A2E0CF-BE3F-309E-9336-A802F2100F25} = {46A2E0CF-BE3F-309E-9336-A802F2100F25}
		{92244D1B-8344-3935-A2FA-1D8B026D35B9} = {92244D1B-8344-3935-A2FA-1D8B026D35B9}
		{DA726B13-1883-36CF-8331-712880CB2CD4} = {DA726B13-1883-36CF-8331-712880CB2CD4}
		{866712D1-7088-3C9F-85D0-BA6F0A092DA3} = {866712D1-7088-3C9F-85D0-BA6F0A092DA3}
		{1E16BF71-9EE0-381E-8859-3AB95C8316D0} = {1E16BF71-9EE0-381E-8859-3AB95C8316D0}
	EndProjectSection
EndProject
Project("{8BC9CEB8-8B4A-11D0-8D11-00A0C91BC942}") = "boost_log", "libs\log\boost_log.vcxproj", "{3BFB7325-469B-3D06-8279-2EC947C4B5F5}"
	ProjectSection(ProjectDependencies) = postProject
		{26FD32C9-FDE6-3E8C-A01D-8AAB1ABBEC0B} = {26FD32C9-FDE6-3E8C-A01D-8AAB1ABBEC0B}
		{9C81B818-3A6E-3741-9191-CD0DD098B526} = {9C81B818-3A6E-3741-9191-CD0DD098B526}
		{46A2E0CF-BE3F-309E-9336-A802F2100F25} = {46A2E0CF-BE3F-309E-9336-A802F2100F25}
		{92244D1B-8344-3935-A2FA-1D8B026D35B9} = {92244D1B-8344-3935-A2FA-1D8B026D35B9}
		{D3E04EBF-D3CB-3F55-B212-ADF69BC5CB49} = {D3E04EBF-D3CB-3F55-B212-ADF69BC5CB49}
		{E47D8EB1-E31E-3D91-AEFF-FCE9713D4FE7} = {E47D8EB1-E31E-3D91-AEFF-FCE9713D4FE7}
		{DA726B13-1883-36CF-8331-712880CB2CD4} = {DA726B13-1883-36CF-8331-712880CB2CD4}
		{866712D1-7088-3C9F-85D0-BA6F0A092DA3} = {866712D1-7088-3C9F-85D0-BA6F0A092DA3}
		{93C4DE97-A31F-3AA6-94DB-2586B23A08F0} = {93C4DE97-A31F-3AA6-94DB-2586B23A08F0}
		{FE61F1C7-371A-3E9C-8679-E37BDC3FA50E} = {FE61F1C7-371A-3E9C-8679-E37BDC3FA50E}
		{1E16BF71-9EE0-381E-8859-3AB95C8316D0} = {1E16BF71-9EE0-381E-8859-3AB95C8316D0}
	EndProjectSection
EndProject
Project("{8BC9CEB8-8B4A-11D0-8D11-00A0C91BC942}") = "boost_log_setup", "libs\log\boost_log_setup.vcxproj", "{D543181F-6190-366A-B1C3-477762EB7331}"
	ProjectSection(ProjectDependencies) = postProject
		{26FD32C9-FDE6-3E8C-A01D-8AAB1ABBEC0B} = {26FD32C9-FDE6-3E8C-A01D-8AAB1ABBEC0B}
		{9C81B818-3A6E-3741-9191-CD0DD098B526} = {9C81B818-3A6E-3741-9191-CD0DD098B526}
		{46A2E0CF-BE3F-309E-9336-A802F2100F25} = {46A2E0CF-BE3F-309E-9336-A802F2100F25}
		{92244D1B-8344-3935-A2FA-1D8B026D35B9} = {92244D1B-8344-3935-A2FA-1D8B026D35B9}
		{D3E04EBF-D3CB-3F55-B212-ADF69BC5CB49} = {D3E04EBF-D3CB-3F55-B212-ADF69BC5CB49}
		{E47D8EB1-E31E-3D91-AEFF-FCE9713D4FE7} = {E47D8EB1-E31E-3D91-AEFF-FCE9713D4FE7}
		{DA726B13-1883-36CF-8331-712880CB2CD4} = {DA726B13-1883-36CF-8331-712880CB2CD4}
		{866712D1-7088-3C9F-85D0-BA6F0A092DA3} = {866712D1-7088-3C9F-85D0-BA6F0A092DA3}
		{93C4DE97-A31F-3AA6-94DB-2586B23A08F0} = {93C4DE97-A31F-3AA6-94DB-2586B23A08F0}
		{3BFB7325-469B-3D06-8279-2EC947C4B5F5} = {3BFB7325-469B-3D06-8279-2EC947C4B5F5}
		{FE61F1C7-371A-3E9C-8679-E37BDC3FA50E} = {FE61F1C7-371A-3E9C-8679-E37BDC3FA50E}
		{EFF37FFD-6931-3FE7-9725-9A036FE8CA1F} = {EFF37FFD-6931-3FE7-9725-9A036FE8CA1F}
		{1E16BF71-9EE0-381E-8859-3AB95C8316D0} = {1E16BF71-9EE0-381E-8859-3AB95C8316D0}
	EndProjectSection
EndProject
Project("{8BC9CEB8-8B4A-11D0-8D11-00A0C91BC942}") = "boost_nowide", "libs\nowide\boost_nowide.vcxproj", "{D693651A-001E-3FC5-A063-9CFBF86EA80A}"
	ProjectSection(ProjectDependencies) = postProject
		{26FD32C9-FDE6-3E8C-A01D-8AAB1ABBEC0B} = {26FD32C9-FDE6-3E8C-A01D-8AAB1ABBEC0B}
	EndProjectSection
EndProject
Project("{8BC9CEB8-8B4A-11D0-8D11-00A0C91BC942}") = "boost_prg_exec_monitor", "libs\test\boost_prg_exec_monitor.vcxproj", "{1055971C-9613-3AB5-A531-F01208717B23}"
	ProjectSection(ProjectDependencies) = postProject
		{26FD32C9-FDE6-3E8C-A01D-8AAB1ABBEC0B} = {26FD32C9-FDE6-3E8C-A01D-8AAB1ABBEC0B}
		{866712D1-7088-3C9F-85D0-BA6F0A092DA3} = {866712D1-7088-3C9F-85D0-BA6F0A092DA3}
	EndProjectSection
EndProject
Project("{8BC9CEB8-8B4A-11D0-8D11-00A0C91BC942}") = "boost_program_options", "libs\program_options\boost_program_options.vcxproj", "{9A7C8922-FB29-3295-9451-A22C992CF5E2}"
	ProjectSection(ProjectDependencies) = postProject
		{26FD32C9-FDE6-3E8C-A01D-8AAB1ABBEC0B} = {26FD32C9-FDE6-3E8C-A01D-8AAB1ABBEC0B}
		{92244D1B-8344-3935-A2FA-1D8B026D35B9} = {92244D1B-8344-3935-A2FA-1D8B026D35B9}
	EndProjectSection
EndProject
Project("{8BC9CEB8-8B4A-11D0-8D11-00A0C91BC942}") = "boost_random", "libs\random\boost_random.vcxproj", "{FE61F1C7-371A-3E9C-8679-E37BDC3FA50E}"
	ProjectSection(ProjectDependencies) = postProject
		{26FD32C9-FDE6-3E8C-A01D-8AAB1ABBEC0B} = {26FD32C9-FDE6-3E8C-A01D-8AAB1ABBEC0B}
	EndProjectSection
EndProject
Project("{8BC9CEB8-8B4A-11D0-8D11-00A0C91BC942}") = "boost_serialization", "libs\serialization\boost_serialization.vcxproj", "{EFF37FFD-6931-3FE7-9725-9A036FE8CA1F}"
	ProjectSection(ProjectDependencies) = postProject
		{26FD32C9-FDE6-3E8C-A01D-8AAB1ABBEC0B} = {26FD32C9-FDE6-3E8C-A01D-8AAB1ABBEC0B}
		{9C81B818-3A6E-3741-9191-CD0DD098B526} = {9C81B818-3A6E-3741-9191-CD0DD098B526}
		{46A2E0CF-BE3F-309E-9336-A802F2100F25} = {46A2E0CF-BE3F-309E-9336-A802F2100F25}
		{92244D1B-8344-3935-A2FA-1D8B026D35B9} = {92244D1B-8344-3935-A2FA-1D8B026D35B9}
		{DA726B13-1883-36CF-8331-712880CB2CD4} = {DA726B13-1883-36CF-8331-712880CB2CD4}
		{866712D1-7088-3C9F-85D0-BA6F0A092DA3} = {866712D1-7088-3C9F-85D0-BA6F0A092DA3}
		{1E16BF71-9EE0-381E-8859-3AB95C8316D0} = {1E16BF71-9EE0-381E-8859-3AB95C8316D0}
	EndProjectSection
EndProject
Project("{8BC9CEB8-8B4A-11D0-8D11-00A0C91BC942}") = "boost_stacktrace_basic", "libs\stacktrace\boost_stacktrace_basic.vcxproj", "{BDE94D29-43A7-3D7D-A33E-BDD984B8599F}"
	ProjectSection(ProjectDependencies) = postProject
		{26FD32C9-FDE6-3E8C-A01D-8AAB1ABBEC0B} = {26FD32C9-FDE6-3E8C-A01D-8AAB1ABBEC0B}
	EndProjectSection
EndProject
Project("{8BC9CEB8-8B4A-11D0-8D11-00A0C91BC942}") = "boost_stacktrace_noop", "libs\stacktrace\boost_stacktrace_noop.vcxproj", "{5DD9F06F-87CF-3F0D-8698-0FE0837782D7}"
	ProjectSection(ProjectDependencies) = postProject
		{26FD32C9-FDE6-3E8C-A01D-8AAB1ABBEC0B} = {26FD32C9-FDE6-3E8C-A01D-8AAB1ABBEC0B}
	EndProjectSection
EndProject
Project("{8BC9CEB8-8B4A-11D0-8D11-00A0C91BC942}") = "boost_stacktrace_windbg", "libs\stacktrace\boost_stacktrace_windbg.vcxproj", "{94D5DE8B-1528-3D76-B8B3-6AB6F82B2580}"
	ProjectSection(ProjectDependencies) = postProject
		{26FD32C9-FDE6-3E8C-A01D-8AAB1ABBEC0B} = {26FD32C9-FDE6-3E8C-A01D-8AAB1ABBEC0B}
	EndProjectSection
EndProject
Project("{8BC9CEB8-8B4A-11D0-8D11-00A0C91BC942}") = "boost_stacktrace_windbg_cached", "libs\stacktrace\boost_stacktrace_windbg_cached.vcxproj", "{7025D757-EC7F-3165-A35D-90A4197BC2D0}"
	ProjectSection(ProjectDependencies) = postProject
		{26FD32C9-FDE6-3E8C-A01D-8AAB1ABBEC0B} = {26FD32C9-FDE6-3E8C-A01D-8AAB1ABBEC0B}
	EndProjectSection
EndProject
Project("{8BC9CEB8-8B4A-11D0-8D11-00A0C91BC942}") = "boost_test_exec_monitor", "libs\test\boost_test_exec_monitor.vcxproj", "{717FB245-D82E-307B-8F79-CC02FEE31560}"
	ProjectSection(ProjectDependencies) = postProject
		{26FD32C9-FDE6-3E8C-A01D-8AAB1ABBEC0B} = {26FD32C9-FDE6-3E8C-A01D-8AAB1ABBEC0B}
		{866712D1-7088-3C9F-85D0-BA6F0A092DA3} = {866712D1-7088-3C9F-85D0-BA6F0A092DA3}
	EndProjectSection
EndProject
Project("{8BC9CEB8-8B4A-11D0-8D11-00A0C91BC942}") = "boost_thread", "libs\thread\boost_thread.vcxproj", "{1E16BF71-9EE0-381E-8859-3AB95C8316D0}"
	ProjectSection(ProjectDependencies) = postProject
		{26FD32C9-FDE6-3E8C-A01D-8AAB1ABBEC0B} = {26FD32C9-FDE6-3E8C-A01D-8AAB1ABBEC0B}
		{9C81B818-3A6E-3741-9191-CD0DD098B526} = {9C81B818-3A6E-3741-9191-CD0DD098B526}
		{46A2E0CF-BE3F-309E-9336-A802F2100F25} = {46A2E0CF-BE3F-309E-9336-A802F2100F25}
		{92244D1B-8344-3935-A2FA-1D8B026D35B9} = {92244D1B-8344-3935-A2FA-1D8B026D35B9}
		{DA726B13-1883-36CF-8331-712880CB2CD4} = {DA726B13-1883-36CF-8331-712880CB2CD4}
		{866712D1-7088-3C9F-85D0-BA6F0A092DA3} = {866712D1-7088-3C9F-85D0-BA6F0A092DA3}
	EndProjectSection
EndProject
Project("{8BC9CEB8-8B4A-11D0-8D11-00A0C91BC942}") = "boost_timer", "libs\timer\boost_timer.vcxproj", "{234CAE97-973A-391D-921A-1A54A377FA5C}"
	ProjectSection(ProjectDependencies) = postProject
		{26FD32C9-FDE6-3E8C-A01D-8AAB1ABBEC0B} = {26FD32C9-FDE6-3E8C-A01D-8AAB1ABBEC0B}
		{46A2E0CF-BE3F-309E-9336-A802F2100F25} = {46A2E0CF-BE3F-309E-9336-A802F2100F25}
	EndProjectSection
EndProject
Project("{8BC9CEB8-8B4A-11D0-8D11-00A0C91BC942}") = "boost_type_erasure", "libs\type_erasure\boost_type_erasure.vcxproj", "{E6450EF1-2E34-3030-91E0-A0B1D4644DBB}"
	ProjectSection(ProjectDependencies) = postProject
		{26FD32C9-FDE6-3E8C-A01D-8AAB1ABBEC0B} = {26FD32C9-FDE6-3E8C-A01D-8AAB1ABBEC0B}
		{9C81B818-3A6E-3741-9191-CD0DD098B526} = {9C81B818-3A6E-3741-9191-CD0DD098B526}
		{46A2E0CF-BE3F-309E-9336-A802F2100F25} = {46A2E0CF-BE3F-309E-9336-A802F2100F25}
		{92244D1B-8344-3935-A2FA-1D8B026D35B9} = {92244D1B-8344-3935-A2FA-1D8B026D35B9}
		{DA726B13-1883-36CF-8331-712880CB2CD4} = {DA726B13-1883-36CF-8331-712880CB2CD4}
		{866712D1-7088-3C9F-85D0-BA6F0A092DA3} = {866712D1-7088-3C9F-85D0-BA6F0A092DA3}
		{1E16BF71-9EE0-381E-8859-3AB95C8316D0} = {1E16BF71-9EE0-381E-8859-3AB95C8316D0}
	EndProjectSection
EndProject
Project("{8BC9CEB8-8B4A-11D0-8D11-00A0C91BC942}") = "boost_unit_test_framework", "libs\test\boost_unit_test_framework.vcxproj", "{30B672D5-2639-3B96-9D2B-2AAD6647E99F}"
	ProjectSection(ProjectDependencies) = postProject
		{26FD32C9-FDE6-3E8C-A01D-8AAB1ABBEC0B} = {26FD32C9-FDE6-3E8C-A01D-8AAB1ABBEC0B}
		{866712D1-7088-3C9F-85D0-BA6F0A092DA3} = {866712D1-7088-3C9F-85D0-BA6F0A092DA3}
	EndProjectSection
EndProject
Project("{8BC9CEB8-8B4A-11D0-8D11-00A0C91BC942}") = "boost_wave", "libs\wave\boost_wave.vcxproj", "{06BA642E-28C5-357C-92A9-5AB15C2CC790}"
	ProjectSection(ProjectDependencies) = postProject
		{26FD32C9-FDE6-3E8C-A01D-8AAB1ABBEC0B} = {26FD32C9-FDE6-3E8C-A01D-8AAB1ABBEC0B}
		{9C81B818-3A6E-3741-9191-CD0DD098B526} = {9C81B818-3A6E-3741-9191-CD0DD098B526}
		{46A2E0CF-BE3F-309E-9336-A802F2100F25} = {46A2E0CF-BE3F-309E-9336-A802F2100F25}
		{92244D1B-8344-3935-A2FA-1D8B026D35B9} = {92244D1B-8344-3935-A2FA-1D8B026D35B9}
		{DA726B13-1883-36CF-8331-712880CB2CD4} = {DA726B13-1883-36CF-8331-712880CB2CD4}
		{866712D1-7088-3C9F-85D0-BA6F0A092DA3} = {866712D1-7088-3C9F-85D0-BA6F0A092DA3}
		{93C4DE97-A31F-3AA6-94DB-2586B23A08F0} = {93C4DE97-A31F-3AA6-94DB-2586B23A08F0}
		{EFF37FFD-6931-3FE7-9725-9A036FE8CA1F} = {EFF37FFD-6931-3FE7-9725-9A036FE8CA1F}
		{1E16BF71-9EE0-381E-8859-3AB95C8316D0} = {1E16BF71-9EE0-381E-8859-3AB95C8316D0}
	EndProjectSection
EndProject
Project("{8BC9CEB8-8B4A-11D0-8D11-00A0C91BC942}") = "boost_wserialization", "libs\serialization\boost_wserialization.vcxproj", "{A3CA3649-698B-3670-9E6E-A7DCA8B58EE0}"
	ProjectSection(ProjectDependencies) = postProject
		{26FD32C9-FDE6-3E8C-A01D-8AAB1ABBEC0B} = {26FD32C9-FDE6-3E8C-A01D-8AAB1ABBEC0B}
		{9C81B818-3A6E-3741-9191-CD0DD098B526} = {9C81B818-3A6E-3741-9191-CD0DD098B526}
		{46A2E0CF-BE3F-309E-9336-A802F2100F25} = {46A2E0CF-BE3F-309E-9336-A802F2100F25}
		{92244D1B-8344-3935-A2FA-1D8B026D35B9} = {92244D1B-8344-3935-A2FA-1D8B026D35B9}
		{DA726B13-1883-36CF-8331-712880CB2CD4} = {DA726B13-1883-36CF-8331-712880CB2CD4}
		{866712D1-7088-3C9F-85D0-BA6F0A092DA3} = {866712D1-7088-3C9F-85D0-BA6F0A092DA3}
		{EFF37FFD-6931-3FE7-9725-9A036FE8CA1F} = {EFF37FFD-6931-3FE7-9725-9A036FE8CA1F}
		{1E16BF71-9EE0-381E-8859-3AB95C8316D0} = {1E16BF71-9EE0-381E-8859-3AB95C8316D0}
	EndProjectSection
EndProject
Project("{8BC9CEB8-8B4A-11D0-8D11-00A0C91BC942}") = "check", "check.vcxproj", "{C3661E18-C512-3B81-B227-9FAA0A15D908}"
	ProjectSection(ProjectDependencies) = postProject
		{26FD32C9-FDE6-3E8C-A01D-8AAB1ABBEC0B} = {26FD32C9-FDE6-3E8C-A01D-8AAB1ABBEC0B}
		{6D6742B3-C098-3985-9B47-F25C85ECD2BF} = {6D6742B3-C098-3985-9B47-F25C85ECD2BF}
	EndProjectSection
EndProject
Project("{8BC9CEB8-8B4A-11D0-8D11-00A0C91BC942}") = "tests", "tests.vcxproj", "{6D6742B3-C098-3985-9B47-F25C85ECD2BF}"
	ProjectSection(ProjectDependencies) = postProject
		{26FD32C9-FDE6-3E8C-A01D-8AAB1ABBEC0B} = {26FD32C9-FDE6-3E8C-A01D-8AAB1ABBEC0B}
	EndProjectSection
EndProject
Global
	GlobalSection(SolutionConfigurationPlatforms) = preSolution
		Debug|x64 = Debug|x64
		Release|x64 = Release|x64
	EndGlobalSection
	GlobalSection(ProjectConfigurationPlatforms) = postSolution
		{0B48CA4E-36E2-3F0F-AE18-B534BEA65384}.Debug|x64.ActiveCfg = Debug|x64
		{0B48CA4E-36E2-3F0F-AE18-B534BEA65384}.Debug|x64.Build.0 = Debug|x64
		{0B48CA4E-36E2-3F0F-AE18-B534BEA65384}.Release|x64.ActiveCfg = Release|x64
		{0B48CA4E-36E2-3F0F-AE18-B534BEA65384}.Release|x64.Build.0 = Release|x64
		{C61F3897-4CD6-303D-89A3-43FBCA513CFC}.Debug|x64.ActiveCfg = Debug|x64
		{C61F3897-4CD6-303D-89A3-43FBCA513CFC}.Release|x64.ActiveCfg = Release|x64
		{26FD32C9-FDE6-3E8C-A01D-8AAB1ABBEC0B}.Debug|x64.ActiveCfg = Debug|x64
		{26FD32C9-FDE6-3E8C-A01D-8AAB1ABBEC0B}.Debug|x64.Build.0 = Debug|x64
		{26FD32C9-FDE6-3E8C-A01D-8AAB1ABBEC0B}.Release|x64.ActiveCfg = Release|x64
		{26FD32C9-FDE6-3E8C-A01D-8AAB1ABBEC0B}.Release|x64.Build.0 = Release|x64
		{9C81B818-3A6E-3741-9191-CD0DD098B526}.Debug|x64.ActiveCfg = Debug|x64
		{9C81B818-3A6E-3741-9191-CD0DD098B526}.Debug|x64.Build.0 = Debug|x64
		{9C81B818-3A6E-3741-9191-CD0DD098B526}.Release|x64.ActiveCfg = Release|x64
		{9C81B818-3A6E-3741-9191-CD0DD098B526}.Release|x64.Build.0 = Release|x64
		{46A2E0CF-BE3F-309E-9336-A802F2100F25}.Debug|x64.ActiveCfg = Debug|x64
		{46A2E0CF-BE3F-309E-9336-A802F2100F25}.Debug|x64.Build.0 = Debug|x64
		{46A2E0CF-BE3F-309E-9336-A802F2100F25}.Release|x64.ActiveCfg = Release|x64
		{46A2E0CF-BE3F-309E-9336-A802F2100F25}.Release|x64.Build.0 = Release|x64
		{92244D1B-8344-3935-A2FA-1D8B026D35B9}.Debug|x64.ActiveCfg = Debug|x64
		{92244D1B-8344-3935-A2FA-1D8B026D35B9}.Debug|x64.Build.0 = Debug|x64
		{92244D1B-8344-3935-A2FA-1D8B026D35B9}.Release|x64.ActiveCfg = Release|x64
		{92244D1B-8344-3935-A2FA-1D8B026D35B9}.Release|x64.Build.0 = Release|x64
		{D3E04EBF-D3CB-3F55-B212-ADF69BC5CB49}.Debug|x64.ActiveCfg = Debug|x64
		{D3E04EBF-D3CB-3F55-B212-ADF69BC5CB49}.Debug|x64.Build.0 = Debug|x64
		{D3E04EBF-D3CB-3F55-B212-ADF69BC5CB49}.Release|x64.ActiveCfg = Release|x64
		{D3E04EBF-D3CB-3F55-B212-ADF69BC5CB49}.Release|x64.Build.0 = Release|x64
		{E39C8422-45BD-366A-A4F7-1BF6B5772C89}.Debug|x64.ActiveCfg = Debug|x64
		{E39C8422-45BD-366A-A4F7-1BF6B5772C89}.Debug|x64.Build.0 = Debug|x64
		{E39C8422-45BD-366A-A4F7-1BF6B5772C89}.Release|x64.ActiveCfg = Release|x64
		{E39C8422-45BD-366A-A4F7-1BF6B5772C89}.Release|x64.Build.0 = Release|x64
		{E47D8EB1-E31E-3D91-AEFF-FCE9713D4FE7}.Debug|x64.ActiveCfg = Debug|x64
		{E47D8EB1-E31E-3D91-AEFF-FCE9713D4FE7}.Debug|x64.Build.0 = Debug|x64
		{E47D8EB1-E31E-3D91-AEFF-FCE9713D4FE7}.Release|x64.ActiveCfg = Release|x64
		{E47D8EB1-E31E-3D91-AEFF-FCE9713D4FE7}.Release|x64.Build.0 = Release|x64
		{DA726B13-1883-36CF-8331-712880CB2CD4}.Debug|x64.ActiveCfg = Debug|x64
		{DA726B13-1883-36CF-8331-712880CB2CD4}.Debug|x64.Build.0 = Debug|x64
		{DA726B13-1883-36CF-8331-712880CB2CD4}.Release|x64.ActiveCfg = Release|x64
		{DA726B13-1883-36CF-8331-712880CB2CD4}.Release|x64.Build.0 = Release|x64
		{866712D1-7088-3C9F-85D0-BA6F0A092DA3}.Debug|x64.ActiveCfg = Debug|x64
		{866712D1-7088-3C9F-85D0-BA6F0A092DA3}.Debug|x64.Build.0 = Debug|x64
		{866712D1-7088-3C9F-85D0-BA6F0A092DA3}.Release|x64.ActiveCfg = Release|x64
		{866712D1-7088-3C9F-85D0-BA6F0A092DA3}.Release|x64.Build.0 = Release|x64
		{588625B9-8723-3F86-8B18-44FE0E4E382C}.Debug|x64.ActiveCfg = Debug|x64
		{588625B9-8723-3F86-8B18-44FE0E4E382C}.Debug|x64.Build.0 = Debug|x64
		{588625B9-8723-3F86-8B18-44FE0E4E382C}.Release|x64.ActiveCfg = Release|x64
		{588625B9-8723-3F86-8B18-44FE0E4E382C}.Release|x64.Build.0 = Release|x64
		{429A0246-704B-30E7-812E-A8013ADC7233}.Debug|x64.ActiveCfg = Debug|x64
		{429A0246-704B-30E7-812E-A8013ADC7233}.Debug|x64.Build.0 = Debug|x64
		{429A0246-704B-30E7-812E-A8013ADC7233}.Release|x64.ActiveCfg = Release|x64
		{429A0246-704B-30E7-812E-A8013ADC7233}.Release|x64.Build.0 = Release|x64
		{93C4DE97-A31F-3AA6-94DB-2586B23A08F0}.Debug|x64.ActiveCfg = Debug|x64
		{93C4DE97-A31F-3AA6-94DB-2586B23A08F0}.Debug|x64.Build.0 = Debug|x64
		{93C4DE97-A31F-3AA6-94DB-2586B23A08F0}.Release|x64.ActiveCfg = Release|x64
		{93C4DE97-A31F-3AA6-94DB-2586B23A08F0}.Release|x64.Build.0 = Release|x64
		{9F24D1A8-9317-37FC-8E7F-F809CF81E052}.Debug|x64.ActiveCfg = Debug|x64
		{9F24D1A8-9317-37FC-8E7F-F809CF81E052}.Debug|x64.Build.0 = Debug|x64
		{9F24D1A8-9317-37FC-8E7F-F809CF81E052}.Release|x64.ActiveCfg = Release|x64
		{9F24D1A8-9317-37FC-8E7F-F809CF81E052}.Release|x64.Build.0 = Release|x64
		{8E032533-4F97-354E-944B-2EFD3734EDAB}.Debug|x64.ActiveCfg = Debug|x64
		{8E032533-4F97-354E-944B-2EFD3734EDAB}.Debug|x64.Build.0 = Debug|x64
		{8E032533-4F97-354E-944B-2EFD3734EDAB}.Release|x64.ActiveCfg = Release|x64
		{8E032533-4F97-354E-944B-2EFD3734EDAB}.Release|x64.Build.0 = Release|x64
		{320A98D5-BC66-30C0-99AF-8A8105DCD2D9}.Debug|x64.ActiveCfg = Debug|x64
		{320A98D5-BC66-30C0-99AF-8A8105DCD2D9}.Debug|x64.Build.0 = Debug|x64
		{320A98D5-BC66-30C0-99AF-8A8105DCD2D9}.Release|x64.ActiveCfg = Release|x64
		{320A98D5-BC66-30C0-99AF-8A8105DCD2D9}.Release|x64.Build.0 = Release|x64
		{129A7550-2318-3DF2-A8DC-5C5C30EEE2FF}.Debug|x64.ActiveCfg = Debug|x64
		{129A7550-2318-3DF2-A8DC-5C5C30EEE2FF}.Debug|x64.Build.0 = Debug|x64
		{129A7550-2318-3DF2-A8DC-5C5C30EEE2FF}.Release|x64.ActiveCfg = Release|x64
		{129A7550-2318-3DF2-A8DC-5C5C30EEE2FF}.Release|x64.Build.0 = Release|x64
		{3BFB7325-469B-3D06-8279-2EC947C4B5F5}.Debug|x64.ActiveCfg = Debug|x64
		{3BFB7325-469B-3D06-8279-2EC947C4B5F5}.Debug|x64.Build.0 = Debug|x64
		{3BFB7325-469B-3D06-8279-2EC947C4B5F5}.Release|x64.ActiveCfg = Release|x64
		{3BFB7325-469B-3D06-8279-2EC947C4B5F5}.Release|x64.Build.0 = Release|x64
		{D543181F-6190-366A-B1C3-477762EB7331}.Debug|x64.ActiveCfg = Debug|x64
		{D543181F-6190-366A-B1C3-477762EB7331}.Debug|x64.Build.0 = Debug|x64
		{D543181F-6190-366A-B1C3-477762EB7331}.Release|x64.ActiveCfg = Release|x64
		{D543181F-6190-366A-B1C3-477762EB7331}.Release|x64.Build.0 = Release|x64
		{D693651A-001E-3FC5-A063-9CFBF86EA80A}.Debug|x64.ActiveCfg = Debug|x64
		{D693651A-001E-3FC5-A063-9CFBF86EA80A}.Debug|x64.Build.0 = Debug|x64
		{D693651A-001E-3FC5-A063-9CFBF86EA80A}.Release|x64.ActiveCfg = Release|x64
		{D693651A-001E-3FC5-A063-9CFBF86EA80A}.Release|x64.Build.0 = Release|x64
		{1055971C-9613-3AB5-A531-F01208717B23}.Debug|x64.ActiveCfg = Debug|x64
		{1055971C-9613-3AB5-A531-F01208717B23}.Debug|x64.Build.0 = Debug|x64
		{1055971C-9613-3AB5-A531-F01208717B23}.Release|x64.ActiveCfg = Release|x64
		{1055971C-9613-3AB5-A531-F01208717B23}.Release|x64.Build.0 = Release|x64
		{9A7C8922-FB29-3295-9451-A22C992CF5E2}.Debug|x64.ActiveCfg = Debug|x64
		{9A7C8922-FB29-3295-9451-A22C992CF5E2}.Debug|x64.Build.0 = Debug|x64
		{9A7C8922-FB29-3295-9451-A22C992CF5E2}.Release|x64.ActiveCfg = Release|x64
		{9A7C8922-FB29-3295-9451-A22C992CF5E2}.Release|x64.Build.0 = Release|x64
		{FE61F1C7-371A-3E9C-8679-E37BDC3FA50E}.Debug|x64.ActiveCfg = Debug|x64
		{FE61F1C7-371A-3E9C-8679-E37BDC3FA50E}.Debug|x64.Build.0 = Debug|x64
		{FE61F1C7-371A-3E9C-8679-E37BDC3FA50E}.Release|x64.ActiveCfg = Release|x64
		{FE61F1C7-371A-3E9C-8679-E37BDC3FA50E}.Release|x64.Build.0 = Release|x64
		{EFF37FFD-6931-3FE7-9725-9A036FE8CA1F}.Debug|x64.ActiveCfg = Debug|x64
		{EFF37FFD-6931-3FE7-9725-9A036FE8CA1F}.Debug|x64.Build.0 = Debug|x64
		{EFF37FFD-6931-3FE7-9725-9A036FE8CA1F}.Release|x64.ActiveCfg = Release|x64
		{EFF37FFD-6931-3FE7-9725-9A036FE8CA1F}.Release|x64.Build.0 = Release|x64
		{BDE94D29-43A7-3D7D-A33E-BDD984B8599F}.Debug|x64.ActiveCfg = Debug|x64
		{BDE94D29-43A7-3D7D-A33E-BDD984B8599F}.Debug|x64.Build.0 = Debug|x64
		{BDE94D29-43A7-3D7D-A33E-BDD984B8599F}.Release|x64.ActiveCfg = Release|x64
		{BDE94D29-43A7-3D7D-A33E-BDD984B8599F}.Release|x64.Build.0 = Release|x64
		{5DD9F06F-87CF-3F0D-8698-0FE0837782D7}.Debug|x64.ActiveCfg = Debug|x64
		{5DD9F06F-87CF-3F0D-8698-0FE0837782D7}.Debug|x64.Build.0 = Debug|x64
		{5DD9F06F-87CF-3F0D-8698-0FE0837782D7}.Release|x64.ActiveCfg = Release|x64
		{5DD9F06F-87CF-3F0D-8698-0FE0837782D7}.Release|x64.Build.0 = Release|x64
		{94D5DE8B-1528-3D76-B8B3-6AB6F82B2580}.Debug|x64.ActiveCfg = Debug|x64
		{94D5DE8B-1528-3D76-B8B3-6AB6F82B2580}.Debug|x64.Build.0 = Debug|x64
		{94D5DE8B-1528-3D76-B8B3-6AB6F82B2580}.Release|x64.ActiveCfg = Release|x64
		{94D5DE8B-1528-3D76-B8B3-6AB6F82B2580}.Release|x64.Build.0 = Release|x64
		{7025D757-EC7F-3165-A35D-90A4197BC2D0}.Debug|x64.ActiveCfg = Debug|x64
		{7025D757-EC7F-3165-A35D-90A4197BC2D0}.Debug|x64.Build.0 = Debug|x64
		{7025D757-EC7F-3165-A35D-90A4197BC2D0}.Release|x64.ActiveCfg = Release|x64
		{7025D757-EC7F-3165-A35D-90A4197BC2D0}.Release|x64.Build.0 = Release|x64
		{717FB245-D82E-307B-8F79-CC02FEE31560}.Debug|x64.ActiveCfg = Debug|x64
		{717FB245-D82E-307B-8F79-CC02FEE31560}.Debug|x64.Build.0 = Debug|x64
		{717FB245-D82E-307B-8F79-CC02FEE31560}.Release|x64.ActiveCfg = Release|x64
		{717FB245-D82E-307B-8F79-CC02FEE31560}.Release|x64.Build.0 = Release|x64
		{1E16BF71-9EE0-381E-8859-3AB95C8316D0}.Debug|x64.ActiveCfg = Debug|x64
		{1E16BF71-9EE0-381E-8859-3AB95C8316D0}.Debug|x64.Build.0 = Debug|x64
		{1E16BF71-9EE0-381E-8859-3AB95C8316D0}.Release|x64.ActiveCfg = Release|x64
		{1E16BF71-9EE0-381E-8859-3AB95C8316D0}.Release|x64.Build.0 = Release|x64
		{234CAE97-973A-391D-921A-1A54A377FA5C}.Debug|x64.ActiveCfg = Debug|x64
		{234CAE97-973A-391D-921A-1A54A377FA5C}.Debug|x64.Build.0 = Debug|x64
		{234CAE97-973A-391D-921A-1A54A377FA5C}.Release|x64.ActiveCfg = Release|x64
		{234CAE97-973A-391D-921A-1A54A377FA5C}.Release|x64.Build.0 = Release|x64
		{E6450EF1-2E34-3030-91E0-A0B1D4644DBB}.Debug|x64.ActiveCfg = Debug|x64
		{E6450EF1-2E34-3030-91E0-A0B1D4644DBB}.Debug|x64.Build.0 = Debug|x64
		{E6450EF1-2E34-3030-91E0-A0B1D4644DBB}.Release|x64.ActiveCfg = Release|x64
		{E6450EF1-2E34-3030-91E0-A0B1D4644DBB}.Release|x64.Build.0 = Release|x64
		{30B672D5-2639-3B96-9D2B-2AAD6647E99F}.Debug|x64.ActiveCfg = Debug|x64
		{30B672D5-2639-3B96-9D2B-2AAD6647E99F}.Debug|x64.Build.0 = Debug|x64
		{30B672D5-2639-3B96-9D2B-2AAD6647E99F}.Release|x64.ActiveCfg = Release|x64
		{30B672D5-2639-3B96-9D2B-2AAD6647E99F}.Release|x64.Build.0 = Release|x64
		{06BA642E-28C5-357C-92A9-5AB15C2CC790}.Debug|x64.ActiveCfg = Debug|x64
		{06BA642E-28C5-357C-92A9-5AB15C2CC790}.Debug|x64.Build.0 = Debug|x64
		{06BA642E-28C5-357C-92A9-5AB15C2CC790}.Release|x64.ActiveCfg = Release|x64
		{06BA642E-28C5-357C-92A9-5AB15C2CC790}.Release|x64.Build.0 = Release|x64
		{A3CA3649-698B-3670-9E6E-A7DCA8B58EE0}.Debug|x64.ActiveCfg = Debug|x64
		{A3CA3649-698B-3670-9E6E-A7DCA8B58EE0}.Debug|x64.Build.0 = Debug|x64
		{A3CA3649-698B-3670-9E6E-A7DCA8B58EE0}.Release|x64.ActiveCfg = Release|x64
		{A3CA3649-698B-3670-9E6E-A7DCA8B58EE0}.Release|x64.Build.0 = Release|x64
		{C3661E18-C512-3B81-B227-9FAA0A15D908}.Debug|x64.ActiveCfg = Debug|x64
		{C3661E18-C512-3B81-B227-9FAA0A15D908}.Release|x64.ActiveCfg = Release|x64
		{6D6742B3-C098-3985-9B47-F25C85ECD2BF}.Debug|x64.ActiveCfg = Debug|x64
		{6D6742B3-C098-3985-9B47-F25C85ECD2BF}.Debug|x64.Build.0 = Debug|x64
		{6D6742B3-C098-3985-9B47-F25C85ECD2BF}.Release|x64.ActiveCfg = Release|x64
		{6D6742B3-C098-3985-9B47-F25C85ECD2BF}.Release|x64.Build.0 = Release|x64
	EndGlobalSection
	GlobalSection(SolutionProperties) = preSolution
		HideSolutionNode = FALSE
	EndGlobalSection
	GlobalSection(NestedProjects) = preSolution
		{0B48CA4E-36E2-3F0F-AE18-B534BEA65384} = {457EE6B0-E2D4-3AFD-9F16-0C6EC7217FB4}
		{C61F3897-4CD6-303D-89A3-43FBCA513CFC} = {457EE6B0-E2D4-3AFD-9F16-0C6EC7217FB4}
		{26FD32C9-FDE6-3E8C-A01D-8AAB1ABBEC0B} = {457EE6B0-E2D4-3AFD-9F16-0C6EC7217FB4}
	EndGlobalSection
	GlobalSection(ExtensibilityGlobals) = postSolution
		SolutionGuid = {1A027DF2-E060-3838-909D-F2EAB025E68C}
	EndGlobalSection
EndGlobal
