
Microsoft Visual Studio Solution File, Format Version 12.00
# Visual Studio Version 17
Project("{2150E333-8FDC-42A3-9474-1A3956D46DE8}") = "CMakePredefinedTargets", "CMakePredefinedTargets", "{457EE6B0-E2D4-3AFD-9F16-0C6EC7217FB4}"
EndProject
Project("{8BC9CEB8-8B4A-11D0-8D11-00A0C91BC942}") = "ALL_BUILD", "ALL_BUILD.vcxproj", "{0B48CA4E-36E2-3F0F-AE18-B534BEA65384}"
	ProjectSection(ProjectDependencies) = postProject
		{26FD32C9-FDE6-3E8C-A01D-8AAB1ABBEC0B} = {26FD32C9-FDE6-3E8C-A01D-8AAB1ABBEC0B}
		{1E16BF71-9EE0-381E-8859-3AB95C8316D0} = {1E16BF71-9EE0-381E-8859-3AB95C8316D0}
	EndProjectSection
EndProject
Project("{8BC9CEB8-8B4A-11D0-8D11-00A0C91BC942}") = "INSTALL", "INSTALL.vcxproj", "{C61F3897-4CD6-303D-89A3-43FBCA513CFC}"
	ProjectSection(ProjectDependencies) = postProject
		{0B48CA4E-36E2-3F0F-AE18-B534BEA65384} = {0B48CA4E-36E2-3F0F-AE18-B534BEA65384}
		{26FD32C9-FDE6-3E8C-A01D-8AAB1ABBEC0B} = {26FD32C9-FDE6-3E8C-A01D-8AAB1ABBEC0B}
	EndProjectSection
EndProject
Project("{8BC9CEB8-8B4A-11D0-8D11-00A0C91BC942}") = "ZERO_CHECK", "..\..\\ZERO_CHECK.vcxproj", "{26FD32C9-FDE6-3E8C-A01D-8AAB1ABBEC0B}"
	ProjectSection(ProjectDependencies) = postProject
	EndProjectSection
EndProject
Project("{8BC9CEB8-8B4A-11D0-8D11-00A0C91BC942}") = "boost_atomic", "..\atomic\boost_atomic.vcxproj", "{9C81B818-3A6E-3741-9191-CD0DD098B526}"
	ProjectSection(ProjectDependencies) = postProject
		{26FD32C9-FDE6-3E8C-A01D-8AAB1ABBEC0B} = {26FD32C9-FDE6-3E8C-A01D-8AAB1ABBEC0B}
	EndProjectSection
EndProject
Project("{8BC9CEB8-8B4A-11D0-8D11-00A0C91BC942}") = "boost_chrono", "..\chrono\boost_chrono.vcxproj", "{46A2E0CF-BE3F-309E-9336-A802F2100F25}"
	ProjectSection(ProjectDependencies) = postProject
		{26FD32C9-FDE6-3E8C-A01D-8AAB1ABBEC0B} = {26FD32C9-FDE6-3E8C-A01D-8AAB1ABBEC0B}
	EndProjectSection
EndProject
Project("{8BC9CEB8-8B4A-11D0-8D11-00A0C91BC942}") = "boost_container", "..\container\boost_container.vcxproj", "{92244D1B-8344-3935-A2FA-1D8B026D35B9}"
	ProjectSection(ProjectDependencies) = postProject
		{26FD32C9-FDE6-3E8C-A01D-8AAB1ABBEC0B} = {26FD32C9-FDE6-3E8C-A01D-8AAB1ABBEC0B}
	EndProjectSection
EndProject
Project("{8BC9CEB8-8B4A-11D0-8D11-00A0C91BC942}") = "boost_date_time", "..\date_time\boost_date_time.vcxproj", "{DA726B13-1883-36CF-8331-712880CB2CD4}"
	ProjectSection(ProjectDependencies) = postProject
		{26FD32C9-FDE6-3E8C-A01D-8AAB1ABBEC0B} = {26FD32C9-FDE6-3E8C-A01D-8AAB1ABBEC0B}
		{92244D1B-8344-3935-A2FA-1D8B026D35B9} = {92244D1B-8344-3935-A2FA-1D8B026D35B9}
		{866712D1-7088-3C9F-85D0-BA6F0A092DA3} = {866712D1-7088-3C9F-85D0-BA6F0A092DA3}
	EndProjectSection
EndProject
Project("{8BC9CEB8-8B4A-11D0-8D11-00A0C91BC942}") = "boost_exception", "..\exception\boost_exception.vcxproj", "{866712D1-7088-3C9F-85D0-BA6F0A092DA3}"
	ProjectSection(ProjectDependencies) = postProject
		{26FD32C9-FDE6-3E8C-A01D-8AAB1ABBEC0B} = {26FD32C9-FDE6-3E8C-A01D-8AAB1ABBEC0B}
	EndProjectSection
EndProject
Project("{8BC9CEB8-8B4A-11D0-8D11-00A0C91BC942}") = "boost_thread", "boost_thread.vcxproj", "{1E16BF71-9EE0-381E-8859-3AB95C8316D0}"
	ProjectSection(ProjectDependencies) = postProject
		{26FD32C9-FDE6-3E8C-A01D-8AAB1ABBEC0B} = {26FD32C9-FDE6-3E8C-A01D-8AAB1ABBEC0B}
		{9C81B818-3A6E-3741-9191-CD0DD098B526} = {9C81B818-3A6E-3741-9191-CD0DD098B526}
		{46A2E0CF-BE3F-309E-9336-A802F2100F25} = {46A2E0CF-BE3F-309E-9336-A802F2100F25}
		{92244D1B-8344-3935-A2FA-1D8B026D35B9} = {92244D1B-8344-3935-A2FA-1D8B026D35B9}
		{DA726B13-1883-36CF-8331-712880CB2CD4} = {DA726B13-1883-36CF-8331-712880CB2CD4}
		{866712D1-7088-3C9F-85D0-BA6F0A092DA3} = {866712D1-7088-3C9F-85D0-BA6F0A092DA3}
	EndProjectSection
EndProject
Global
	GlobalSection(SolutionConfigurationPlatforms) = preSolution
		Debug|x64 = Debug|x64
		Release|x64 = Release|x64
		MinSizeRel|x64 = MinSizeRel|x64
		RelWithDebInfo|x64 = RelWithDebInfo|x64
	EndGlobalSection
	GlobalSection(ProjectConfigurationPlatforms) = postSolution
		{0B48CA4E-36E2-3F0F-AE18-B534BEA65384}.Debug|x64.ActiveCfg = Debug|x64
		{0B48CA4E-36E2-3F0F-AE18-B534BEA65384}.Debug|x64.Build.0 = Debug|x64
		{0B48CA4E-36E2-3F0F-AE18-B534BEA65384}.Release|x64.ActiveCfg = Release|x64
		{0B48CA4E-36E2-3F0F-AE18-B534BEA65384}.Release|x64.Build.0 = Release|x64
		{0B48CA4E-36E2-3F0F-AE18-B534BEA65384}.MinSizeRel|x64.ActiveCfg = MinSizeRel|x64
		{0B48CA4E-36E2-3F0F-AE18-B534BEA65384}.MinSizeRel|x64.Build.0 = MinSizeRel|x64
		{0B48CA4E-36E2-3F0F-AE18-B534BEA65384}.RelWithDebInfo|x64.ActiveCfg = RelWithDebInfo|x64
		{0B48CA4E-36E2-3F0F-AE18-B534BEA65384}.RelWithDebInfo|x64.Build.0 = RelWithDebInfo|x64
		{C61F3897-4CD6-303D-89A3-43FBCA513CFC}.Debug|x64.ActiveCfg = Debug|x64
		{C61F3897-4CD6-303D-89A3-43FBCA513CFC}.Release|x64.ActiveCfg = Release|x64
		{C61F3897-4CD6-303D-89A3-43FBCA513CFC}.MinSizeRel|x64.ActiveCfg = MinSizeRel|x64
		{C61F3897-4CD6-303D-89A3-43FBCA513CFC}.RelWithDebInfo|x64.ActiveCfg = RelWithDebInfo|x64
		{26FD32C9-FDE6-3E8C-A01D-8AAB1ABBEC0B}.Debug|x64.ActiveCfg = Debug|x64
		{26FD32C9-FDE6-3E8C-A01D-8AAB1ABBEC0B}.Debug|x64.Build.0 = Debug|x64
		{26FD32C9-FDE6-3E8C-A01D-8AAB1ABBEC0B}.Release|x64.ActiveCfg = Release|x64
		{26FD32C9-FDE6-3E8C-A01D-8AAB1ABBEC0B}.Release|x64.Build.0 = Release|x64
		{26FD32C9-FDE6-3E8C-A01D-8AAB1ABBEC0B}.MinSizeRel|x64.ActiveCfg = MinSizeRel|x64
		{26FD32C9-FDE6-3E8C-A01D-8AAB1ABBEC0B}.MinSizeRel|x64.Build.0 = MinSizeRel|x64
		{26FD32C9-FDE6-3E8C-A01D-8AAB1ABBEC0B}.RelWithDebInfo|x64.ActiveCfg = RelWithDebInfo|x64
		{26FD32C9-FDE6-3E8C-A01D-8AAB1ABBEC0B}.RelWithDebInfo|x64.Build.0 = RelWithDebInfo|x64
		{9C81B818-3A6E-3741-9191-CD0DD098B526}.Debug|x64.ActiveCfg = Debug|x64
		{9C81B818-3A6E-3741-9191-CD0DD098B526}.Debug|x64.Build.0 = Debug|x64
		{9C81B818-3A6E-3741-9191-CD0DD098B526}.Release|x64.ActiveCfg = Release|x64
		{9C81B818-3A6E-3741-9191-CD0DD098B526}.Release|x64.Build.0 = Release|x64
		{9C81B818-3A6E-3741-9191-CD0DD098B526}.MinSizeRel|x64.ActiveCfg = MinSizeRel|x64
		{9C81B818-3A6E-3741-9191-CD0DD098B526}.MinSizeRel|x64.Build.0 = MinSizeRel|x64
		{9C81B818-3A6E-3741-9191-CD0DD098B526}.RelWithDebInfo|x64.ActiveCfg = RelWithDebInfo|x64
		{9C81B818-3A6E-3741-9191-CD0DD098B526}.RelWithDebInfo|x64.Build.0 = RelWithDebInfo|x64
		{46A2E0CF-BE3F-309E-9336-A802F2100F25}.Debug|x64.ActiveCfg = Debug|x64
		{46A2E0CF-BE3F-309E-9336-A802F2100F25}.Debug|x64.Build.0 = Debug|x64
		{46A2E0CF-BE3F-309E-9336-A802F2100F25}.Release|x64.ActiveCfg = Release|x64
		{46A2E0CF-BE3F-309E-9336-A802F2100F25}.Release|x64.Build.0 = Release|x64
		{46A2E0CF-BE3F-309E-9336-A802F2100F25}.MinSizeRel|x64.ActiveCfg = MinSizeRel|x64
		{46A2E0CF-BE3F-309E-9336-A802F2100F25}.MinSizeRel|x64.Build.0 = MinSizeRel|x64
		{46A2E0CF-BE3F-309E-9336-A802F2100F25}.RelWithDebInfo|x64.ActiveCfg = RelWithDebInfo|x64
		{46A2E0CF-BE3F-309E-9336-A802F2100F25}.RelWithDebInfo|x64.Build.0 = RelWithDebInfo|x64
		{92244D1B-8344-3935-A2FA-1D8B026D35B9}.Debug|x64.ActiveCfg = Debug|x64
		{92244D1B-8344-3935-A2FA-1D8B026D35B9}.Debug|x64.Build.0 = Debug|x64
		{92244D1B-8344-3935-A2FA-1D8B026D35B9}.Release|x64.ActiveCfg = Release|x64
		{92244D1B-8344-3935-A2FA-1D8B026D35B9}.Release|x64.Build.0 = Release|x64
		{92244D1B-8344-3935-A2FA-1D8B026D35B9}.MinSizeRel|x64.ActiveCfg = MinSizeRel|x64
		{92244D1B-8344-3935-A2FA-1D8B026D35B9}.MinSizeRel|x64.Build.0 = MinSizeRel|x64
		{92244D1B-8344-3935-A2FA-1D8B026D35B9}.RelWithDebInfo|x64.ActiveCfg = RelWithDebInfo|x64
		{92244D1B-8344-3935-A2FA-1D8B026D35B9}.RelWithDebInfo|x64.Build.0 = RelWithDebInfo|x64
		{DA726B13-1883-36CF-8331-712880CB2CD4}.Debug|x64.ActiveCfg = Debug|x64
		{DA726B13-1883-36CF-8331-712880CB2CD4}.Debug|x64.Build.0 = Debug|x64
		{DA726B13-1883-36CF-8331-712880CB2CD4}.Release|x64.ActiveCfg = Release|x64
		{DA726B13-1883-36CF-8331-712880CB2CD4}.Release|x64.Build.0 = Release|x64
		{DA726B13-1883-36CF-8331-712880CB2CD4}.MinSizeRel|x64.ActiveCfg = MinSizeRel|x64
		{DA726B13-1883-36CF-8331-712880CB2CD4}.MinSizeRel|x64.Build.0 = MinSizeRel|x64
		{DA726B13-1883-36CF-8331-712880CB2CD4}.RelWithDebInfo|x64.ActiveCfg = RelWithDebInfo|x64
		{DA726B13-1883-36CF-8331-712880CB2CD4}.RelWithDebInfo|x64.Build.0 = RelWithDebInfo|x64
		{866712D1-7088-3C9F-85D0-BA6F0A092DA3}.Debug|x64.ActiveCfg = Debug|x64
		{866712D1-7088-3C9F-85D0-BA6F0A092DA3}.Debug|x64.Build.0 = Debug|x64
		{866712D1-7088-3C9F-85D0-BA6F0A092DA3}.Release|x64.ActiveCfg = Release|x64
		{866712D1-7088-3C9F-85D0-BA6F0A092DA3}.Release|x64.Build.0 = Release|x64
		{866712D1-7088-3C9F-85D0-BA6F0A092DA3}.MinSizeRel|x64.ActiveCfg = MinSizeRel|x64
		{866712D1-7088-3C9F-85D0-BA6F0A092DA3}.MinSizeRel|x64.Build.0 = MinSizeRel|x64
		{866712D1-7088-3C9F-85D0-BA6F0A092DA3}.RelWithDebInfo|x64.ActiveCfg = RelWithDebInfo|x64
		{866712D1-7088-3C9F-85D0-BA6F0A092DA3}.RelWithDebInfo|x64.Build.0 = RelWithDebInfo|x64
		{1E16BF71-9EE0-381E-8859-3AB95C8316D0}.Debug|x64.ActiveCfg = Debug|x64
		{1E16BF71-9EE0-381E-8859-3AB95C8316D0}.Debug|x64.Build.0 = Debug|x64
		{1E16BF71-9EE0-381E-8859-3AB95C8316D0}.Release|x64.ActiveCfg = Release|x64
		{1E16BF71-9EE0-381E-8859-3AB95C8316D0}.Release|x64.Build.0 = Release|x64
		{1E16BF71-9EE0-381E-8859-3AB95C8316D0}.MinSizeRel|x64.ActiveCfg = MinSizeRel|x64
		{1E16BF71-9EE0-381E-8859-3AB95C8316D0}.MinSizeRel|x64.Build.0 = MinSizeRel|x64
		{1E16BF71-9EE0-381E-8859-3AB95C8316D0}.RelWithDebInfo|x64.ActiveCfg = RelWithDebInfo|x64
		{1E16BF71-9EE0-381E-8859-3AB95C8316D0}.RelWithDebInfo|x64.Build.0 = RelWithDebInfo|x64
	EndGlobalSection
	GlobalSection(NestedProjects) = preSolution
		{0B48CA4E-36E2-3F0F-AE18-B534BEA65384} = {457EE6B0-E2D4-3AFD-9F16-0C6EC7217FB4}
		{C61F3897-4CD6-303D-89A3-43FBCA513CFC} = {457EE6B0-E2D4-3AFD-9F16-0C6EC7217FB4}
		{26FD32C9-FDE6-3E8C-A01D-8AAB1ABBEC0B} = {457EE6B0-E2D4-3AFD-9F16-0C6EC7217FB4}
	EndGlobalSection
	GlobalSection(ExtensibilityGlobals) = postSolution
		SolutionGuid = {B83B101E-B2ED-3382-AC7A-F0006E4CAF02}
	EndGlobalSection
	GlobalSection(ExtensibilityAddIns) = postSolution
	EndGlobalSection
EndGlobal
